
Microsoft Visual Studio Solution File, Format Version 12.00
# Visual Studio Version 17
VisualStudioVersion = 17.1.32210.238
MinimumVisualStudioVersion = 10.0.40219.1
Project("{FAE04EC0-301F-11D3-BF4B-00C04F79EFBC}") = "BreakingBad.Android", "BreakingBad\BreakingBad.Android\BreakingBad.Android.csproj", "{C802DD27-95E3-4EA0-B308-C47CFC5CF9BF}"
EndProject
Project("{FAE04EC0-301F-11D3-BF4B-00C04F79EFBC}") = "BreakingBad.iOS", "BreakingBad\BreakingBad.iOS\BreakingBad.iOS.csproj", "{F8BF909D-A401-4E25-A8AE-7E4B70AAD44E}"
EndProject
Project("{FAE04EC0-301F-11D3-BF4B-00C04F79EFBC}") = "BreakingBad", "BreakingBad\BreakingBad\BreakingBad.csproj", "{50166D0F-8257-4FC4-AD9E-EBE59FD83187}"
EndProject
Global
	GlobalSection(SolutionConfigurationPlatforms) = preSolution
		Debug|Any CPU = Debug|Any CPU
		Debug|iPhone = Debug|iPhone
		Debug|iPhoneSimulator = Debug|iPhoneSimulator
		Release|Any CPU = Release|Any CPU
		Release|iPhone = Release|iPhone
		Release|iPhoneSimulator = Release|iPhoneSimulator
	EndGlobalSection
	GlobalSection(ProjectConfigurationPlatforms) = postSolution
		{C802DD27-95E3-4EA0-B308-C47CFC5CF9BF}.Debug|Any CPU.ActiveCfg = Debug|Any CPU
		{C802DD27-95E3-4EA0-B308-C47CFC5CF9BF}.Debug|Any CPU.Build.0 = Debug|Any CPU
		{C802DD27-95E3-4EA0-B308-C47CFC5CF9BF}.Debug|Any CPU.Deploy.0 = Debug|Any CPU
		{C802DD27-95E3-4EA0-B308-C47CFC5CF9BF}.Debug|iPhone.ActiveCfg = Debug|Any CPU
		{C802DD27-95E3-4EA0-B308-C47CFC5CF9BF}.Debug|iPhone.Build.0 = Debug|Any CPU
		{C802DD27-95E3-4EA0-B308-C47CFC5CF9BF}.Debug|iPhone.Deploy.0 = Debug|Any CPU
		{C802DD27-95E3-4EA0-B308-C47CFC5CF9BF}.Debug|iPhoneSimulator.ActiveCfg = Debug|Any CPU
		{C802DD27-95E3-4EA0-B308-C47CFC5CF9BF}.Debug|iPhoneSimulator.Build.0 = Debug|Any CPU
		{C802DD27-95E3-4EA0-B308-C47CFC5CF9BF}.Debug|iPhoneSimulator.Deploy.0 = Debug|Any CPU
		{C802DD27-95E3-4EA0-B308-C47CFC5CF9BF}.Release|Any CPU.ActiveCfg = Release|Any CPU
		{C802DD27-95E3-4EA0-B308-C47CFC5CF9BF}.Release|Any CPU.Build.0 = Release|Any CPU
		{C802DD27-95E3-4EA0-B308-C47CFC5CF9BF}.Release|Any CPU.Deploy.0 = Release|Any CPU
		{C802DD27-95E3-4EA0-B308-C47CFC5CF9BF}.Release|iPhone.ActiveCfg = Release|Any CPU
		{C802DD27-95E3-4EA0-B308-C47CFC5CF9BF}.Release|iPhone.Build.0 = Release|Any CPU
		{C802DD27-95E3-4EA0-B308-C47CFC5CF9BF}.Release|iPhone.Deploy.0 = Release|Any CPU
		{C802DD27-95E3-4EA0-B308-C47CFC5CF9BF}.Release|iPhoneSimulator.ActiveCfg = Release|Any CPU
		{C802DD27-95E3-4EA0-B308-C47CFC5CF9BF}.Release|iPhoneSimulator.Build.0 = Release|Any CPU
		{C802DD27-95E3-4EA0-B308-C47CFC5CF9BF}.Release|iPhoneSimulator.Deploy.0 = Release|Any CPU
		{F8BF909D-A401-4E25-A8AE-7E4B70AAD44E}.Debug|Any CPU.ActiveCfg = Debug|iPhone
		{F8BF909D-A401-4E25-A8AE-7E4B70AAD44E}.Debug|Any CPU.Build.0 = Debug|iPhone
		{F8BF909D-A401-4E25-A8AE-7E4B70AAD44E}.Debug|Any CPU.Deploy.0 = Debug|iPhone
		{F8BF909D-A401-4E25-A8AE-7E4B70AAD44E}.Debug|iPhone.ActiveCfg = Debug|iPhone
		{F8BF909D-A401-4E25-A8AE-7E4B70AAD44E}.Debug|iPhone.Build.0 = Debug|iPhone
		{F8BF909D-A401-4E25-A8AE-7E4B70AAD44E}.Debug|iPhone.Deploy.0 = Debug|iPhone
		{F8BF909D-A401-4E25-A8AE-7E4B70AAD44E}.Debug|iPhoneSimulator.ActiveCfg = Debug|iPhoneSimulator
		{F8BF909D-A401-4E25-A8AE-7E4B70AAD44E}.Debug|iPhoneSimulator.Build.0 = Debug|iPhoneSimulator
		{F8BF909D-A401-4E25-A8AE-7E4B70AAD44E}.Debug|iPhoneSimulator.Deploy.0 = Debug|iPhoneSimulator
		{F8BF909D-A401-4E25-A8AE-7E4B70AAD44E}.Release|Any CPU.ActiveCfg = Release|iPhoneSimulator
		{F8BF909D-A401-4E25-A8AE-7E4B70AAD44E}.Release|Any CPU.Build.0 = Release|iPhoneSimulator
		{F8BF909D-A401-4E25-A8AE-7E4B70AAD44E}.Release|Any CPU.Deploy.0 = Release|iPhoneSimulator
		{F8BF909D-A401-4E25-A8AE-7E4B70AAD44E}.Release|iPhone.ActiveCfg = Release|iPhone
		{F8BF909D-A401-4E25-A8AE-7E4B70AAD44E}.Release|iPhone.Build.0 = Release|iPhone
		{F8BF909D-A401-4E25-A8AE-7E4B70AAD44E}.Release|iPhone.Deploy.0 = Release|iPhone
		{F8BF909D-A401-4E25-A8AE-7E4B70AAD44E}.Release|iPhoneSimulator.ActiveCfg = Release|iPhoneSimulator
		{F8BF909D-A401-4E25-A8AE-7E4B70AAD44E}.Release|iPhoneSimulator.Build.0 = Release|iPhoneSimulator
		{F8BF909D-A401-4E25-A8AE-7E4B70AAD44E}.Release|iPhoneSimulator.Deploy.0 = Release|iPhoneSimulator
		{50166D0F-8257-4FC4-AD9E-EBE59FD83187}.Debug|Any CPU.ActiveCfg = Debug|Any CPU
		{50166D0F-8257-4FC4-AD9E-EBE59FD83187}.Debug|Any CPU.Build.0 = Debug|Any CPU
		{50166D0F-8257-4FC4-AD9E-EBE59FD83187}.Debug|Any CPU.Deploy.0 = Debug|Any CPU
		{50166D0F-8257-4FC4-AD9E-EBE59FD83187}.Debug|iPhone.ActiveCfg = Debug|Any CPU
		{50166D0F-8257-4FC4-AD9E-EBE59FD83187}.Debug|iPhone.Build.0 = Debug|Any CPU
		{50166D0F-8257-4FC4-AD9E-EBE59FD83187}.Debug|iPhone.Deploy.0 = Debug|Any CPU
		{50166D0F-8257-4FC4-AD9E-EBE59FD83187}.Debug|iPhoneSimulator.ActiveCfg = Debug|Any CPU
		{50166D0F-8257-4FC4-AD9E-EBE59FD83187}.Debug|iPhoneSimulator.Build.0 = Debug|Any CPU
		{50166D0F-8257-4FC4-AD9E-EBE59FD83187}.Debug|iPhoneSimulator.Deploy.0 = Debug|Any CPU
		{50166D0F-8257-4FC4-AD9E-EBE59FD83187}.Release|Any CPU.ActiveCfg = Release|Any CPU
		{50166D0F-8257-4FC4-AD9E-EBE59FD83187}.Release|Any CPU.Build.0 = Release|Any CPU
		{50166D0F-8257-4FC4-AD9E-EBE59FD83187}.Release|Any CPU.Deploy.0 = Release|Any CPU
		{50166D0F-8257-4FC4-AD9E-EBE59FD83187}.Release|iPhone.ActiveCfg = Release|Any CPU
		{50166D0F-8257-4FC4-AD9E-EBE59FD83187}.Release|iPhone.Build.0 = Release|Any CPU
		{50166D0F-8257-4FC4-AD9E-EBE59FD83187}.Release|iPhone.Deploy.0 = Release|Any CPU
		{50166D0F-8257-4FC4-AD9E-EBE59FD83187}.Release|iPhoneSimulator.ActiveCfg = Release|Any CPU
		{50166D0F-8257-4FC4-AD9E-EBE59FD83187}.Release|iPhoneSimulator.Build.0 = Release|Any CPU
		{50166D0F-8257-4FC4-AD9E-EBE59FD83187}.Release|iPhoneSimulator.Deploy.0 = Release|Any CPU
	EndGlobalSection
	GlobalSection(SolutionProperties) = preSolution
		HideSolutionNode = FALSE
	EndGlobalSection
	GlobalSection(ExtensibilityGlobals) = postSolution
		SolutionGuid = {2132FB5B-7736-43B9-A310-A95547868C71}
	EndGlobalSection
EndGlobal
